// !$*UTF8*$!
{
	archiveVersion = 1;
	classes = {
	};
	objectVersion = 56;
	objects = {

/* Begin PBXBuildFile section */
		F400608B290821C3000EDAF5 /* SearchResultViewController.swift in Sources */ = {isa = PBXBuildFile; fileRef = F400608A290821C3000EDAF5 /* SearchResultViewController.swift */; };
		F41013C92904E4640035FE16 /* PhotoCell.swift in Sources */ = {isa = PBXBuildFile; fileRef = F41013C82904E4640035FE16 /* PhotoCell.swift */; };
		F41013CC290503AA0035FE16 /* Kingfisher in Frameworks */ = {isa = PBXBuildFile; productRef = F41013CB290503AA0035FE16 /* Kingfisher */; };
		F41F6A40290B96D700F9B48F /* CollectionCell.swift in Sources */ = {isa = PBXBuildFile; fileRef = F41F6A3F290B96D700F9B48F /* CollectionCell.swift */; };
		F41F6A42290B96E300F9B48F /* UserCell.swift in Sources */ = {isa = PBXBuildFile; fileRef = F41F6A41290B96E300F9B48F /* UserCell.swift */; };
		F41F6A44290B977B00F9B48F /* ImageView.swift in Sources */ = {isa = PBXBuildFile; fileRef = F41F6A43290B977B00F9B48F /* ImageView.swift */; };
		F420B8512905587500809EBD /* TabBarController.swift in Sources */ = {isa = PBXBuildFile; fileRef = F420B8502905587500809EBD /* TabBarController.swift */; };
		F420B853290558E500809EBD /* SearchViewController.swift in Sources */ = {isa = PBXBuildFile; fileRef = F420B852290558E500809EBD /* SearchViewController.swift */; };
		F420B855290558F100809EBD /* AlbumViewController.swift in Sources */ = {isa = PBXBuildFile; fileRef = F420B854290558F100809EBD /* AlbumViewController.swift */; };
		F420B8572905594100809EBD /* SearchView.swift in Sources */ = {isa = PBXBuildFile; fileRef = F420B8562905594100809EBD /* SearchView.swift */; };
		F420B8592905594800809EBD /* AlbumView.swift in Sources */ = {isa = PBXBuildFile; fileRef = F420B8582905594800809EBD /* AlbumView.swift */; };
		F42B10142903957D006162D1 /* MainViewModel.swift in Sources */ = {isa = PBXBuildFile; fileRef = F42B10132903957D006162D1 /* MainViewModel.swift */; };
		F42B101729039753006162D1 /* Observable.swift in Sources */ = {isa = PBXBuildFile; fileRef = F42B101629039753006162D1 /* Observable.swift */; };
		F43C15E929012BAB00E9C151 /* AppDelegate.swift in Sources */ = {isa = PBXBuildFile; fileRef = F43C15E829012BAB00E9C151 /* AppDelegate.swift */; };
		F43C15EB29012BAB00E9C151 /* SceneDelegate.swift in Sources */ = {isa = PBXBuildFile; fileRef = F43C15EA29012BAB00E9C151 /* SceneDelegate.swift */; };
		F43C15F229012BAC00E9C151 /* Assets.xcassets in Resources */ = {isa = PBXBuildFile; fileRef = F43C15F129012BAC00E9C151 /* Assets.xcassets */; };
		F43C15F529012BAC00E9C151 /* LaunchScreen.storyboard in Resources */ = {isa = PBXBuildFile; fileRef = F43C15F329012BAC00E9C151 /* LaunchScreen.storyboard */; };
		F43CC4372901378800224588 /* MainViewController.swift in Sources */ = {isa = PBXBuildFile; fileRef = F43CC4362901378800224588 /* MainViewController.swift */; };
		F43CC439290137CF00224588 /* BaseView.swift in Sources */ = {isa = PBXBuildFile; fileRef = F43CC438290137CF00224588 /* BaseView.swift */; };
		F43CC43B290137E100224588 /* BaseViewController.swift in Sources */ = {isa = PBXBuildFile; fileRef = F43CC43A290137E100224588 /* BaseViewController.swift */; };
		F43CC43D2901381100224588 /* BaseCollectionViewCell.swift in Sources */ = {isa = PBXBuildFile; fileRef = F43CC43C2901381100224588 /* BaseCollectionViewCell.swift */; };
		F43CC43F2901384400224588 /* UIViewController.swift in Sources */ = {isa = PBXBuildFile; fileRef = F43CC43E2901384400224588 /* UIViewController.swift */; };
		F43CC441290138A500224588 /* NSObject.swift in Sources */ = {isa = PBXBuildFile; fileRef = F43CC440290138A500224588 /* NSObject.swift */; };
		F43CC443290138E100224588 /* MainView.swift in Sources */ = {isa = PBXBuildFile; fileRef = F43CC442290138E100224588 /* MainView.swift */; };
		F43CC445290138E600224588 /* TopicCell.swift in Sources */ = {isa = PBXBuildFile; fileRef = F43CC444290138E600224588 /* TopicCell.swift */; };
		F43CC4482901410D00224588 /* SnapKit in Frameworks */ = {isa = PBXBuildFile; productRef = F43CC4472901410D00224588 /* SnapKit */; };
		F43CC44A290173B600224588 /* HeaderView.swift in Sources */ = {isa = PBXBuildFile; fileRef = F43CC449290173B600224588 /* HeaderView.swift */; };
		F4522985291127B800A8F7B4 /* RxCocoa in Frameworks */ = {isa = PBXBuildFile; productRef = F4522984291127B800A8F7B4 /* RxCocoa */; };
		F4522987291127B800A8F7B4 /* RxSwift in Frameworks */ = {isa = PBXBuildFile; productRef = F4522986291127B800A8F7B4 /* RxSwift */; };
		F4649B44290D0E38000E45C3 /* Realm in Frameworks */ = {isa = PBXBuildFile; productRef = F4649B43290D0E38000E45C3 /* Realm */; };
		F4649B46290D0E38000E45C3 /* RealmSwift in Frameworks */ = {isa = PBXBuildFile; productRef = F4649B45290D0E38000E45C3 /* RealmSwift */; };
		F46B162C29028226001984C0 /* Unsplash.swift in Sources */ = {isa = PBXBuildFile; fileRef = F46B162B29028226001984C0 /* Unsplash.swift */; };
		F46B162E29028271001984C0 /* UnsplashAPIKey.swift in Sources */ = {isa = PBXBuildFile; fileRef = F46B162D29028271001984C0 /* UnsplashAPIKey.swift */; };
		F46B163029028296001984C0 /* UnsplashEndPoint.swift in Sources */ = {isa = PBXBuildFile; fileRef = F46B162F29028296001984C0 /* UnsplashEndPoint.swift */; };
		F46B1632290282AD001984C0 /* UnsplashService.swift in Sources */ = {isa = PBXBuildFile; fileRef = F46B1631290282AD001984C0 /* UnsplashService.swift */; };
		F4893637290CB4B3004CB39F /* PhotoDetailViewController.swift in Sources */ = {isa = PBXBuildFile; fileRef = F4893636290CB4B3004CB39F /* PhotoDetailViewController.swift */; };
		F4893639290CB4EE004CB39F /* PhotoDetailView.swift in Sources */ = {isa = PBXBuildFile; fileRef = F4893638290CB4EE004CB39F /* PhotoDetailView.swift */; };
		F489363B290CB709004CB39F /* PhotoDetailViewModel.swift in Sources */ = {isa = PBXBuildFile; fileRef = F489363A290CB708004CB39F /* PhotoDetailViewModel.swift */; };
		F48B4A3D290D3DAE002D7EAC /* Photo.swift in Sources */ = {isa = PBXBuildFile; fileRef = F48B4A3C290D3DAE002D7EAC /* Photo.swift */; };
		F4924195290948480047AFC1 /* SearchResultView.swift in Sources */ = {isa = PBXBuildFile; fileRef = F4924194290948480047AFC1 /* SearchResultView.swift */; };
		F4A64F2C290A5230004732B9 /* SearchViewModel.swift in Sources */ = {isa = PBXBuildFile; fileRef = F4A64F2B290A5230004732B9 /* SearchViewModel.swift */; };
		F4ACE8D329123D0F00C3980D /* NetworkError.swift in Sources */ = {isa = PBXBuildFile; fileRef = F4ACE8D229123D0F00C3980D /* NetworkError.swift */; };
		F4C39FEC290E20160078ED81 /* AlbumViewModel.swift in Sources */ = {isa = PBXBuildFile; fileRef = F4C39FEB290E20160078ED81 /* AlbumViewModel.swift */; };
		F4C39FEE290E34BC0078ED81 /* PhotoRepository.swift in Sources */ = {isa = PBXBuildFile; fileRef = F4C39FED290E34BC0078ED81 /* PhotoRepository.swift */; };
		F4C39FF4290E3AEE0078ED81 /* DocumentManger.swift in Sources */ = {isa = PBXBuildFile; fileRef = F4C39FF3290E3AEE0078ED81 /* DocumentManger.swift */; };
		F4C4971F29028486004E4FFD /* HTTPMethod.swift in Sources */ = {isa = PBXBuildFile; fileRef = F4C4971E29028486004E4FFD /* HTTPMethod.swift */; };
/* End PBXBuildFile section */

/* Begin PBXFileReference section */
		F400608A290821C3000EDAF5 /* SearchResultViewController.swift */ = {isa = PBXFileReference; lastKnownFileType = sourcecode.swift; path = SearchResultViewController.swift; sourceTree = "<group>"; };
		F41013C82904E4640035FE16 /* PhotoCell.swift */ = {isa = PBXFileReference; lastKnownFileType = sourcecode.swift; path = PhotoCell.swift; sourceTree = "<group>"; };
		F41F6A3F290B96D700F9B48F /* CollectionCell.swift */ = {isa = PBXFileReference; lastKnownFileType = sourcecode.swift; path = CollectionCell.swift; sourceTree = "<group>"; };
		F41F6A41290B96E300F9B48F /* UserCell.swift */ = {isa = PBXFileReference; lastKnownFileType = sourcecode.swift; path = UserCell.swift; sourceTree = "<group>"; };
		F41F6A43290B977B00F9B48F /* ImageView.swift */ = {isa = PBXFileReference; lastKnownFileType = sourcecode.swift; path = ImageView.swift; sourceTree = "<group>"; };
		F420B8502905587500809EBD /* TabBarController.swift */ = {isa = PBXFileReference; lastKnownFileType = sourcecode.swift; path = TabBarController.swift; sourceTree = "<group>"; };
		F420B852290558E500809EBD /* SearchViewController.swift */ = {isa = PBXFileReference; lastKnownFileType = sourcecode.swift; path = SearchViewController.swift; sourceTree = "<group>"; };
		F420B854290558F100809EBD /* AlbumViewController.swift */ = {isa = PBXFileReference; lastKnownFileType = sourcecode.swift; path = AlbumViewController.swift; sourceTree = "<group>"; };
		F420B8562905594100809EBD /* SearchView.swift */ = {isa = PBXFileReference; lastKnownFileType = sourcecode.swift; path = SearchView.swift; sourceTree = "<group>"; };
		F420B8582905594800809EBD /* AlbumView.swift */ = {isa = PBXFileReference; lastKnownFileType = sourcecode.swift; path = AlbumView.swift; sourceTree = "<group>"; };
		F42B10132903957D006162D1 /* MainViewModel.swift */ = {isa = PBXFileReference; lastKnownFileType = sourcecode.swift; path = MainViewModel.swift; sourceTree = "<group>"; };
		F42B101629039753006162D1 /* Observable.swift */ = {isa = PBXFileReference; lastKnownFileType = sourcecode.swift; path = Observable.swift; sourceTree = "<group>"; };
		F43C15E529012BAB00E9C151 /* OneSplash.app */ = {isa = PBXFileReference; explicitFileType = wrapper.application; includeInIndex = 0; path = OneSplash.app; sourceTree = BUILT_PRODUCTS_DIR; };
		F43C15E829012BAB00E9C151 /* AppDelegate.swift */ = {isa = PBXFileReference; lastKnownFileType = sourcecode.swift; path = AppDelegate.swift; sourceTree = "<group>"; };
		F43C15EA29012BAB00E9C151 /* SceneDelegate.swift */ = {isa = PBXFileReference; lastKnownFileType = sourcecode.swift; path = SceneDelegate.swift; sourceTree = "<group>"; };
		F43C15F129012BAC00E9C151 /* Assets.xcassets */ = {isa = PBXFileReference; lastKnownFileType = folder.assetcatalog; path = Assets.xcassets; sourceTree = "<group>"; };
		F43C15F429012BAC00E9C151 /* Base */ = {isa = PBXFileReference; lastKnownFileType = file.storyboard; name = Base; path = Base.lproj/LaunchScreen.storyboard; sourceTree = "<group>"; };
		F43C15F629012BAC00E9C151 /* Info.plist */ = {isa = PBXFileReference; lastKnownFileType = text.plist.xml; path = Info.plist; sourceTree = "<group>"; };
		F43CC4362901378800224588 /* MainViewController.swift */ = {isa = PBXFileReference; lastKnownFileType = sourcecode.swift; path = MainViewController.swift; sourceTree = "<group>"; };
		F43CC438290137CF00224588 /* BaseView.swift */ = {isa = PBXFileReference; lastKnownFileType = sourcecode.swift; path = BaseView.swift; sourceTree = "<group>"; };
		F43CC43A290137E100224588 /* BaseViewController.swift */ = {isa = PBXFileReference; lastKnownFileType = sourcecode.swift; path = BaseViewController.swift; sourceTree = "<group>"; };
		F43CC43C2901381100224588 /* BaseCollectionViewCell.swift */ = {isa = PBXFileReference; lastKnownFileType = sourcecode.swift; path = BaseCollectionViewCell.swift; sourceTree = "<group>"; };
		F43CC43E2901384400224588 /* UIViewController.swift */ = {isa = PBXFileReference; lastKnownFileType = sourcecode.swift; path = UIViewController.swift; sourceTree = "<group>"; };
		F43CC440290138A500224588 /* NSObject.swift */ = {isa = PBXFileReference; lastKnownFileType = sourcecode.swift; path = NSObject.swift; sourceTree = "<group>"; };
		F43CC442290138E100224588 /* MainView.swift */ = {isa = PBXFileReference; lastKnownFileType = sourcecode.swift; path = MainView.swift; sourceTree = "<group>"; };
		F43CC444290138E600224588 /* TopicCell.swift */ = {isa = PBXFileReference; lastKnownFileType = sourcecode.swift; path = TopicCell.swift; sourceTree = "<group>"; };
		F43CC449290173B600224588 /* HeaderView.swift */ = {isa = PBXFileReference; lastKnownFileType = sourcecode.swift; path = HeaderView.swift; sourceTree = "<group>"; };
		F46B162B29028226001984C0 /* Unsplash.swift */ = {isa = PBXFileReference; lastKnownFileType = sourcecode.swift; path = Unsplash.swift; sourceTree = "<group>"; };
		F46B162D29028271001984C0 /* UnsplashAPIKey.swift */ = {isa = PBXFileReference; lastKnownFileType = sourcecode.swift; path = UnsplashAPIKey.swift; sourceTree = "<group>"; };
		F46B162F29028296001984C0 /* UnsplashEndPoint.swift */ = {isa = PBXFileReference; lastKnownFileType = sourcecode.swift; path = UnsplashEndPoint.swift; sourceTree = "<group>"; };
		F46B1631290282AD001984C0 /* UnsplashService.swift */ = {isa = PBXFileReference; lastKnownFileType = sourcecode.swift; path = UnsplashService.swift; sourceTree = "<group>"; };
		F4893636290CB4B3004CB39F /* PhotoDetailViewController.swift */ = {isa = PBXFileReference; lastKnownFileType = sourcecode.swift; path = PhotoDetailViewController.swift; sourceTree = "<group>"; };
		F4893638290CB4EE004CB39F /* PhotoDetailView.swift */ = {isa = PBXFileReference; lastKnownFileType = sourcecode.swift; path = PhotoDetailView.swift; sourceTree = "<group>"; };
		F489363A290CB708004CB39F /* PhotoDetailViewModel.swift */ = {isa = PBXFileReference; lastKnownFileType = sourcecode.swift; path = PhotoDetailViewModel.swift; sourceTree = "<group>"; };
		F48B4A3C290D3DAE002D7EAC /* Photo.swift */ = {isa = PBXFileReference; lastKnownFileType = sourcecode.swift; path = Photo.swift; sourceTree = "<group>"; };
		F4924194290948480047AFC1 /* SearchResultView.swift */ = {isa = PBXFileReference; lastKnownFileType = sourcecode.swift; path = SearchResultView.swift; sourceTree = "<group>"; };
		F4A64F2B290A5230004732B9 /* SearchViewModel.swift */ = {isa = PBXFileReference; lastKnownFileType = sourcecode.swift; path = SearchViewModel.swift; sourceTree = "<group>"; };
		F4ACE8D229123D0F00C3980D /* NetworkError.swift */ = {isa = PBXFileReference; lastKnownFileType = sourcecode.swift; path = NetworkError.swift; sourceTree = "<group>"; };
		F4C39FEB290E20160078ED81 /* AlbumViewModel.swift */ = {isa = PBXFileReference; lastKnownFileType = sourcecode.swift; path = AlbumViewModel.swift; sourceTree = "<group>"; };
		F4C39FED290E34BC0078ED81 /* PhotoRepository.swift */ = {isa = PBXFileReference; lastKnownFileType = sourcecode.swift; path = PhotoRepository.swift; sourceTree = "<group>"; };
		F4C39FF3290E3AEE0078ED81 /* DocumentManger.swift */ = {isa = PBXFileReference; lastKnownFileType = sourcecode.swift; path = DocumentManger.swift; sourceTree = "<group>"; };
		F4C4971E29028486004E4FFD /* HTTPMethod.swift */ = {isa = PBXFileReference; lastKnownFileType = sourcecode.swift; path = HTTPMethod.swift; sourceTree = "<group>"; };
/* End PBXFileReference section */

/* Begin PBXFrameworksBuildPhase section */
		F43C15E229012BAB00E9C151 /* Frameworks */ = {
			isa = PBXFrameworksBuildPhase;
			buildActionMask = 2147483647;
			files = (
				F4522987291127B800A8F7B4 /* RxSwift in Frameworks */,
				F4649B46290D0E38000E45C3 /* RealmSwift in Frameworks */,
				F4649B44290D0E38000E45C3 /* Realm in Frameworks */,
				F4522985291127B800A8F7B4 /* RxCocoa in Frameworks */,
				F41013CC290503AA0035FE16 /* Kingfisher in Frameworks */,
				F43CC4482901410D00224588 /* SnapKit in Frameworks */,
			);
			runOnlyForDeploymentPostprocessing = 0;
		};
/* End PBXFrameworksBuildPhase section */

/* Begin PBXGroup section */
		F41F6A3E290B96A700F9B48F /* Controller */ = {
			isa = PBXGroup;
			children = (
				F420B852290558E500809EBD /* SearchViewController.swift */,
				F400608A290821C3000EDAF5 /* SearchResultViewController.swift */,
			);
			path = Controller;
			sourceTree = "<group>";
		};
		F41F6A45290BC8E800F9B48F /* Cell */ = {
			isa = PBXGroup;
			children = (
				F41F6A41290B96E300F9B48F /* UserCell.swift */,
				F41F6A3F290B96D700F9B48F /* CollectionCell.swift */,
			);
			path = Cell;
			sourceTree = "<group>";
		};
		F42B101129039541006162D1 /* ViewModel */ = {
			isa = PBXGroup;
			children = (
				F42B10132903957D006162D1 /* MainViewModel.swift */,
			);
			path = ViewModel;
			sourceTree = "<group>";
		};
		F42B101229039545006162D1 /* View */ = {
			isa = PBXGroup;
			children = (
				F489363F290CB746004CB39F /* Controller */,
				F43CC442290138E100224588 /* MainView.swift */,
				F43CC449290173B600224588 /* HeaderView.swift */,
				F4893643290CD23A004CB39F /* Cell */,
			);
			path = View;
			sourceTree = "<group>";
		};
		F42B101829039754006162D1 /* Utils */ = {
			isa = PBXGroup;
			children = (
				F42B101629039753006162D1 /* Observable.swift */,
			);
			path = Utils;
			sourceTree = "<group>";
		};
		F43C15DC29012BAB00E9C151 = {
			isa = PBXGroup;
			children = (
				F43C15E729012BAB00E9C151 /* OneSplash */,
				F43C15E629012BAB00E9C151 /* Products */,
			);
			sourceTree = "<group>";
		};
		F43C15E629012BAB00E9C151 /* Products */ = {
			isa = PBXGroup;
			children = (
				F43C15E529012BAB00E9C151 /* OneSplash.app */,
			);
			name = Products;
			sourceTree = "<group>";
		};
		F43C15E729012BAB00E9C151 /* OneSplash */ = {
			isa = PBXGroup;
			children = (
				F43CC424290135AC00224588 /* Sources */,
				F43CC425290135B100224588 /* Resources */,
				F43CC4232901359800224588 /* Supportings */,
			);
			path = OneSplash;
			sourceTree = "<group>";
		};
		F43CC4232901359800224588 /* Supportings */ = {
			isa = PBXGroup;
			children = (
				F43C15F629012BAC00E9C151 /* Info.plist */,
			);
			path = Supportings;
			sourceTree = "<group>";
		};
		F43CC424290135AC00224588 /* Sources */ = {
			isa = PBXGroup;
			children = (
				F4C39FF2290E3AE10078ED81 /* Manager */,
				F43CC42D2901365100224588 /* Application */,
				F43CC430290136B100224588 /* Commons */,
				F43CC42E2901368500224588 /* Networking */,
				F43CC42F2901369200224588 /* DataBase */,
				F43CC426290135BE00224588 /* Scenes */,
			);
			path = Sources;
			sourceTree = "<group>";
		};
		F43CC425290135B100224588 /* Resources */ = {
			isa = PBXGroup;
			children = (
				F43C15F329012BAC00E9C151 /* LaunchScreen.storyboard */,
				F43C15F129012BAC00E9C151 /* Assets.xcassets */,
			);
			path = Resources;
			sourceTree = "<group>";
		};
		F43CC426290135BE00224588 /* Scenes */ = {
			isa = PBXGroup;
			children = (
				F43CC427290135D600224588 /* Main */,
				F43CC429290135E500224588 /* PhotoDetail */,
				F43CC428290135DE00224588 /* Search */,
				F43CC42C2901363900224588 /* Album */,
				F43CC42B2901361100224588 /* Setting */,
				F43CC42A290135F200224588 /* Onboarding */,
			);
			path = Scenes;
			sourceTree = "<group>";
		};
		F43CC427290135D600224588 /* Main */ = {
			isa = PBXGroup;
			children = (
				F42B101229039545006162D1 /* View */,
				F42B101129039541006162D1 /* ViewModel */,
			);
			path = Main;
			sourceTree = "<group>";
		};
		F43CC428290135DE00224588 /* Search */ = {
			isa = PBXGroup;
			children = (
				F4924196290948530047AFC1 /* View */,
				F4924197290948550047AFC1 /* ViewModel */,
			);
			path = Search;
			sourceTree = "<group>";
		};
		F43CC429290135E500224588 /* PhotoDetail */ = {
			isa = PBXGroup;
			children = (
				F489363D290CB710004CB39F /* View */,
				F489363C290CB70B004CB39F /* ViewModel */,
			);
			path = PhotoDetail;
			sourceTree = "<group>";
		};
		F43CC42A290135F200224588 /* Onboarding */ = {
			isa = PBXGroup;
			children = (
			);
			path = Onboarding;
			sourceTree = "<group>";
		};
		F43CC42B2901361100224588 /* Setting */ = {
			isa = PBXGroup;
			children = (
			);
			path = Setting;
			sourceTree = "<group>";
		};
		F43CC42C2901363900224588 /* Album */ = {
			isa = PBXGroup;
			children = (
				F4893640290CB772004CB39F /* View */,
				F4893641290CB774004CB39F /* ViewModel */,
			);
			path = Album;
			sourceTree = "<group>";
		};
		F43CC42D2901365100224588 /* Application */ = {
			isa = PBXGroup;
			children = (
				F43C15E829012BAB00E9C151 /* AppDelegate.swift */,
				F43C15EA29012BAB00E9C151 /* SceneDelegate.swift */,
			);
			path = Application;
			sourceTree = "<group>";
		};
		F43CC42E2901368500224588 /* Networking */ = {
			isa = PBXGroup;
			children = (
				F46B162B29028226001984C0 /* Unsplash.swift */,
				F4C4971E29028486004E4FFD /* HTTPMethod.swift */,
				F4ACE8D229123D0F00C3980D /* NetworkError.swift */,
				F46B162D29028271001984C0 /* UnsplashAPIKey.swift */,
				F46B1631290282AD001984C0 /* UnsplashService.swift */,
				F46B162F29028296001984C0 /* UnsplashEndPoint.swift */,
			);
			path = Networking;
			sourceTree = "<group>";
		};
		F43CC42F2901369200224588 /* DataBase */ = {
			isa = PBXGroup;
			children = (
				F48B4A3C290D3DAE002D7EAC /* Photo.swift */,
				F4C39FED290E34BC0078ED81 /* PhotoRepository.swift */,
			);
			path = DataBase;
			sourceTree = "<group>";
		};
		F43CC430290136B100224588 /* Commons */ = {
			isa = PBXGroup;
			children = (
				F42B101829039754006162D1 /* Utils */,
				F43CC435290136DF00224588 /* Components */,
				F43CC432290136C400224588 /* Bases */,
				F43CC431290136B700224588 /* Extensions */,
			);
			path = Commons;
			sourceTree = "<group>";
		};
		F43CC431290136B700224588 /* Extensions */ = {
			isa = PBXGroup;
			children = (
				F43CC434290136D300224588 /* Foundation */,
				F43CC433290136CE00224588 /* UIKit */,
			);
			path = Extensions;
			sourceTree = "<group>";
		};
		F43CC432290136C400224588 /* Bases */ = {
			isa = PBXGroup;
			children = (
				F43CC438290137CF00224588 /* BaseView.swift */,
				F43CC43A290137E100224588 /* BaseViewController.swift */,
				F43CC43C2901381100224588 /* BaseCollectionViewCell.swift */,
			);
			path = Bases;
			sourceTree = "<group>";
		};
		F43CC433290136CE00224588 /* UIKit */ = {
			isa = PBXGroup;
			children = (
				F43CC43E2901384400224588 /* UIViewController.swift */,
			);
			path = UIKit;
			sourceTree = "<group>";
		};
		F43CC434290136D300224588 /* Foundation */ = {
			isa = PBXGroup;
			children = (
				F43CC440290138A500224588 /* NSObject.swift */,
			);
			path = Foundation;
			sourceTree = "<group>";
		};
		F43CC435290136DF00224588 /* Components */ = {
			isa = PBXGroup;
			children = (
				F420B8502905587500809EBD /* TabBarController.swift */,
				F41F6A43290B977B00F9B48F /* ImageView.swift */,
			);
			path = Components;
			sourceTree = "<group>";
		};
		F489363C290CB70B004CB39F /* ViewModel */ = {
			isa = PBXGroup;
			children = (
				F489363A290CB708004CB39F /* PhotoDetailViewModel.swift */,
			);
			path = ViewModel;
			sourceTree = "<group>";
		};
		F489363D290CB710004CB39F /* View */ = {
			isa = PBXGroup;
			children = (
				F489363E290CB716004CB39F /* Controller */,
				F4893638290CB4EE004CB39F /* PhotoDetailView.swift */,
			);
			path = View;
			sourceTree = "<group>";
		};
		F489363E290CB716004CB39F /* Controller */ = {
			isa = PBXGroup;
			children = (
				F4893636290CB4B3004CB39F /* PhotoDetailViewController.swift */,
			);
			path = Controller;
			sourceTree = "<group>";
		};
		F489363F290CB746004CB39F /* Controller */ = {
			isa = PBXGroup;
			children = (
				F43CC4362901378800224588 /* MainViewController.swift */,
			);
			path = Controller;
			sourceTree = "<group>";
		};
		F4893640290CB772004CB39F /* View */ = {
			isa = PBXGroup;
			children = (
				F4893642290CB778004CB39F /* Controller */,
				F420B8582905594800809EBD /* AlbumView.swift */,
			);
			path = View;
			sourceTree = "<group>";
		};
		F4893641290CB774004CB39F /* ViewModel */ = {
			isa = PBXGroup;
			children = (
				F4C39FEB290E20160078ED81 /* AlbumViewModel.swift */,
			);
			path = ViewModel;
			sourceTree = "<group>";
		};
		F4893642290CB778004CB39F /* Controller */ = {
			isa = PBXGroup;
			children = (
				F420B854290558F100809EBD /* AlbumViewController.swift */,
			);
			path = Controller;
			sourceTree = "<group>";
		};
		F4893643290CD23A004CB39F /* Cell */ = {
			isa = PBXGroup;
			children = (
				F43CC444290138E600224588 /* TopicCell.swift */,
				F41013C82904E4640035FE16 /* PhotoCell.swift */,
			);
			path = Cell;
			sourceTree = "<group>";
		};
		F4924196290948530047AFC1 /* View */ = {
			isa = PBXGroup;
			children = (
				F41F6A3E290B96A700F9B48F /* Controller */,
				F420B8562905594100809EBD /* SearchView.swift */,
				F4924194290948480047AFC1 /* SearchResultView.swift */,
				F41F6A45290BC8E800F9B48F /* Cell */,
			);
			path = View;
			sourceTree = "<group>";
		};
		F4924197290948550047AFC1 /* ViewModel */ = {
			isa = PBXGroup;
			children = (
				F4A64F2B290A5230004732B9 /* SearchViewModel.swift */,
			);
			path = ViewModel;
			sourceTree = "<group>";
		};
		F4C39FF2290E3AE10078ED81 /* Manager */ = {
			isa = PBXGroup;
			children = (
				F4C39FF3290E3AEE0078ED81 /* DocumentManger.swift */,
			);
			path = Manager;
			sourceTree = "<group>";
		};
/* End PBXGroup section */

/* Begin PBXNativeTarget section */
		F43C15E429012BAB00E9C151 /* OneSplash */ = {
			isa = PBXNativeTarget;
			buildConfigurationList = F43C15F929012BAC00E9C151 /* Build configuration list for PBXNativeTarget "OneSplash" */;
			buildPhases = (
				F43C15E129012BAB00E9C151 /* Sources */,
				F43C15E229012BAB00E9C151 /* Frameworks */,
				F43C15E329012BAB00E9C151 /* Resources */,
			);
			buildRules = (
			);
			dependencies = (
			);
			name = OneSplash;
			packageProductDependencies = (
				F43CC4472901410D00224588 /* SnapKit */,
				F41013CB290503AA0035FE16 /* Kingfisher */,
				F4649B43290D0E38000E45C3 /* Realm */,
				F4649B45290D0E38000E45C3 /* RealmSwift */,
				F4522984291127B800A8F7B4 /* RxCocoa */,
				F4522986291127B800A8F7B4 /* RxSwift */,
			);
			productName = OneSplash;
			productReference = F43C15E529012BAB00E9C151 /* OneSplash.app */;
			productType = "com.apple.product-type.application";
		};
/* End PBXNativeTarget section */

/* Begin PBXProject section */
		F43C15DD29012BAB00E9C151 /* Project object */ = {
			isa = PBXProject;
			attributes = {
				BuildIndependentTargetsInParallel = 1;
				LastSwiftUpdateCheck = 1400;
				LastUpgradeCheck = 1400;
				TargetAttributes = {
					F43C15E429012BAB00E9C151 = {
						CreatedOnToolsVersion = 14.0;
					};
				};
			};
			buildConfigurationList = F43C15E029012BAB00E9C151 /* Build configuration list for PBXProject "OneSplash" */;
			compatibilityVersion = "Xcode 14.0";
			developmentRegion = en;
			hasScannedForEncodings = 0;
			knownRegions = (
				en,
				Base,
			);
			mainGroup = F43C15DC29012BAB00E9C151;
			packageReferences = (
				F43CC4462901410D00224588 /* XCRemoteSwiftPackageReference "SnapKit" */,
				F41013CA290503AA0035FE16 /* XCRemoteSwiftPackageReference "Kingfisher" */,
				F4649B42290D0E38000E45C3 /* XCRemoteSwiftPackageReference "realm-swift" */,
				F4522983291127B800A8F7B4 /* XCRemoteSwiftPackageReference "RxSwift" */,
			);
			productRefGroup = F43C15E629012BAB00E9C151 /* Products */;
			projectDirPath = "";
			projectRoot = "";
			targets = (
				F43C15E429012BAB00E9C151 /* OneSplash */,
			);
		};
/* End PBXProject section */

/* Begin PBXResourcesBuildPhase section */
		F43C15E329012BAB00E9C151 /* Resources */ = {
			isa = PBXResourcesBuildPhase;
			buildActionMask = 2147483647;
			files = (
				F43C15F529012BAC00E9C151 /* LaunchScreen.storyboard in Resources */,
				F43C15F229012BAC00E9C151 /* Assets.xcassets in Resources */,
			);
			runOnlyForDeploymentPostprocessing = 0;
		};
/* End PBXResourcesBuildPhase section */

/* Begin PBXSourcesBuildPhase section */
		F43C15E129012BAB00E9C151 /* Sources */ = {
			isa = PBXSourcesBuildPhase;
			buildActionMask = 2147483647;
			files = (
				F4C39FEC290E20160078ED81 /* AlbumViewModel.swift in Sources */,
				F4893637290CB4B3004CB39F /* PhotoDetailViewController.swift in Sources */,
				F41F6A44290B977B00F9B48F /* ImageView.swift in Sources */,
				F43CC43F2901384400224588 /* UIViewController.swift in Sources */,
				F43CC443290138E100224588 /* MainView.swift in Sources */,
				F43CC441290138A500224588 /* NSObject.swift in Sources */,
				F46B162E29028271001984C0 /* UnsplashAPIKey.swift in Sources */,
				F42B101729039753006162D1 /* Observable.swift in Sources */,
				F43CC43B290137E100224588 /* BaseViewController.swift in Sources */,
				F4893639290CB4EE004CB39F /* PhotoDetailView.swift in Sources */,
				F420B855290558F100809EBD /* AlbumViewController.swift in Sources */,
				F48B4A3D290D3DAE002D7EAC /* Photo.swift in Sources */,
				F400608B290821C3000EDAF5 /* SearchResultViewController.swift in Sources */,
				F43CC445290138E600224588 /* TopicCell.swift in Sources */,
				F46B163029028296001984C0 /* UnsplashEndPoint.swift in Sources */,
				F43CC4372901378800224588 /* MainViewController.swift in Sources */,
				F41F6A40290B96D700F9B48F /* CollectionCell.swift in Sources */,
				F42B10142903957D006162D1 /* MainViewModel.swift in Sources */,
				F43C15E929012BAB00E9C151 /* AppDelegate.swift in Sources */,
				F4924195290948480047AFC1 /* SearchResultView.swift in Sources */,
				F489363B290CB709004CB39F /* PhotoDetailViewModel.swift in Sources */,
				F4C39FF4290E3AEE0078ED81 /* DocumentManger.swift in Sources */,
				F46B162C29028226001984C0 /* Unsplash.swift in Sources */,
				F41F6A42290B96E300F9B48F /* UserCell.swift in Sources */,
				F420B8572905594100809EBD /* SearchView.swift in Sources */,
				F41013C92904E4640035FE16 /* PhotoCell.swift in Sources */,
				F420B8512905587500809EBD /* TabBarController.swift in Sources */,
				F420B8592905594800809EBD /* AlbumView.swift in Sources */,
				F43CC44A290173B600224588 /* HeaderView.swift in Sources */,
				F420B853290558E500809EBD /* SearchViewController.swift in Sources */,
				F43C15EB29012BAB00E9C151 /* SceneDelegate.swift in Sources */,
				F4C4971F29028486004E4FFD /* HTTPMethod.swift in Sources */,
				F43CC439290137CF00224588 /* BaseView.swift in Sources */,
				F4A64F2C290A5230004732B9 /* SearchViewModel.swift in Sources */,
				F43CC43D2901381100224588 /* BaseCollectionViewCell.swift in Sources */,
				F4C39FEE290E34BC0078ED81 /* PhotoRepository.swift in Sources */,
				F46B1632290282AD001984C0 /* UnsplashService.swift in Sources */,
				F4ACE8D329123D0F00C3980D /* NetworkError.swift in Sources */,
			);
			runOnlyForDeploymentPostprocessing = 0;
		};
/* End PBXSourcesBuildPhase section */

/* Begin PBXVariantGroup section */
		F43C15F329012BAC00E9C151 /* LaunchScreen.storyboard */ = {
			isa = PBXVariantGroup;
			children = (
				F43C15F429012BAC00E9C151 /* Base */,
			);
			name = LaunchScreen.storyboard;
			sourceTree = "<group>";
		};
/* End PBXVariantGroup section */

/* Begin XCBuildConfiguration section */
		F43C15F729012BAC00E9C151 /* Debug */ = {
			isa = XCBuildConfiguration;
			buildSettings = {
				ALWAYS_SEARCH_USER_PATHS = NO;
				CLANG_ANALYZER_NONNULL = YES;
				CLANG_ANALYZER_NUMBER_OBJECT_CONVERSION = YES_AGGRESSIVE;
				CLANG_CXX_LANGUAGE_STANDARD = "gnu++20";
				CLANG_ENABLE_MODULES = YES;
				CLANG_ENABLE_OBJC_ARC = YES;
				CLANG_ENABLE_OBJC_WEAK = YES;
				CLANG_WARN_BLOCK_CAPTURE_AUTORELEASING = YES;
				CLANG_WARN_BOOL_CONVERSION = YES;
				CLANG_WARN_COMMA = YES;
				CLANG_WARN_CONSTANT_CONVERSION = YES;
				CLANG_WARN_DEPRECATED_OBJC_IMPLEMENTATIONS = YES;
				CLANG_WARN_DIRECT_OBJC_ISA_USAGE = YES_ERROR;
				CLANG_WARN_DOCUMENTATION_COMMENTS = YES;
				CLANG_WARN_EMPTY_BODY = YES;
				CLANG_WARN_ENUM_CONVERSION = YES;
				CLANG_WARN_INFINITE_RECURSION = YES;
				CLANG_WARN_INT_CONVERSION = YES;
				CLANG_WARN_NON_LITERAL_NULL_CONVERSION = YES;
				CLANG_WARN_OBJC_IMPLICIT_RETAIN_SELF = YES;
				CLANG_WARN_OBJC_LITERAL_CONVERSION = YES;
				CLANG_WARN_OBJC_ROOT_CLASS = YES_ERROR;
				CLANG_WARN_QUOTED_INCLUDE_IN_FRAMEWORK_HEADER = YES;
				CLANG_WARN_RANGE_LOOP_ANALYSIS = YES;
				CLANG_WARN_STRICT_PROTOTYPES = YES;
				CLANG_WARN_SUSPICIOUS_MOVE = YES;
				CLANG_WARN_UNGUARDED_AVAILABILITY = YES_AGGRESSIVE;
				CLANG_WARN_UNREACHABLE_CODE = YES;
				CLANG_WARN__DUPLICATE_METHOD_MATCH = YES;
				COPY_PHASE_STRIP = NO;
				DEBUG_INFORMATION_FORMAT = dwarf;
				ENABLE_STRICT_OBJC_MSGSEND = YES;
				ENABLE_TESTABILITY = YES;
				GCC_C_LANGUAGE_STANDARD = gnu11;
				GCC_DYNAMIC_NO_PIC = NO;
				GCC_NO_COMMON_BLOCKS = YES;
				GCC_OPTIMIZATION_LEVEL = 0;
				GCC_PREPROCESSOR_DEFINITIONS = (
					"DEBUG=1",
					"$(inherited)",
				);
				GCC_WARN_64_TO_32_BIT_CONVERSION = YES;
				GCC_WARN_ABOUT_RETURN_TYPE = YES_ERROR;
				GCC_WARN_UNDECLARED_SELECTOR = YES;
				GCC_WARN_UNINITIALIZED_AUTOS = YES_AGGRESSIVE;
				GCC_WARN_UNUSED_FUNCTION = YES;
				GCC_WARN_UNUSED_VARIABLE = YES;
				IPHONEOS_DEPLOYMENT_TARGET = 16.0;
				MTL_ENABLE_DEBUG_INFO = INCLUDE_SOURCE;
				MTL_FAST_MATH = YES;
				ONLY_ACTIVE_ARCH = YES;
				SDKROOT = iphoneos;
				SWIFT_ACTIVE_COMPILATION_CONDITIONS = DEBUG;
				SWIFT_OPTIMIZATION_LEVEL = "-Onone";
			};
			name = Debug;
		};
		F43C15F829012BAC00E9C151 /* Release */ = {
			isa = XCBuildConfiguration;
			buildSettings = {
				ALWAYS_SEARCH_USER_PATHS = NO;
				CLANG_ANALYZER_NONNULL = YES;
				CLANG_ANALYZER_NUMBER_OBJECT_CONVERSION = YES_AGGRESSIVE;
				CLANG_CXX_LANGUAGE_STANDARD = "gnu++20";
				CLANG_ENABLE_MODULES = YES;
				CLANG_ENABLE_OBJC_ARC = YES;
				CLANG_ENABLE_OBJC_WEAK = YES;
				CLANG_WARN_BLOCK_CAPTURE_AUTORELEASING = YES;
				CLANG_WARN_BOOL_CONVERSION = YES;
				CLANG_WARN_COMMA = YES;
				CLANG_WARN_CONSTANT_CONVERSION = YES;
				CLANG_WARN_DEPRECATED_OBJC_IMPLEMENTATIONS = YES;
				CLANG_WARN_DIRECT_OBJC_ISA_USAGE = YES_ERROR;
				CLANG_WARN_DOCUMENTATION_COMMENTS = YES;
				CLANG_WARN_EMPTY_BODY = YES;
				CLANG_WARN_ENUM_CONVERSION = YES;
				CLANG_WARN_INFINITE_RECURSION = YES;
				CLANG_WARN_INT_CONVERSION = YES;
				CLANG_WARN_NON_LITERAL_NULL_CONVERSION = YES;
				CLANG_WARN_OBJC_IMPLICIT_RETAIN_SELF = YES;
				CLANG_WARN_OBJC_LITERAL_CONVERSION = YES;
				CLANG_WARN_OBJC_ROOT_CLASS = YES_ERROR;
				CLANG_WARN_QUOTED_INCLUDE_IN_FRAMEWORK_HEADER = YES;
				CLANG_WARN_RANGE_LOOP_ANALYSIS = YES;
				CLANG_WARN_STRICT_PROTOTYPES = YES;
				CLANG_WARN_SUSPICIOUS_MOVE = YES;
				CLANG_WARN_UNGUARDED_AVAILABILITY = YES_AGGRESSIVE;
				CLANG_WARN_UNREACHABLE_CODE = YES;
				CLANG_WARN__DUPLICATE_METHOD_MATCH = YES;
				COPY_PHASE_STRIP = NO;
				DEBUG_INFORMATION_FORMAT = "dwarf-with-dsym";
				ENABLE_NS_ASSERTIONS = NO;
				ENABLE_STRICT_OBJC_MSGSEND = YES;
				GCC_C_LANGUAGE_STANDARD = gnu11;
				GCC_NO_COMMON_BLOCKS = YES;
				GCC_WARN_64_TO_32_BIT_CONVERSION = YES;
				GCC_WARN_ABOUT_RETURN_TYPE = YES_ERROR;
				GCC_WARN_UNDECLARED_SELECTOR = YES;
				GCC_WARN_UNINITIALIZED_AUTOS = YES_AGGRESSIVE;
				GCC_WARN_UNUSED_FUNCTION = YES;
				GCC_WARN_UNUSED_VARIABLE = YES;
				IPHONEOS_DEPLOYMENT_TARGET = 16.0;
				MTL_ENABLE_DEBUG_INFO = NO;
				MTL_FAST_MATH = YES;
				SDKROOT = iphoneos;
				SWIFT_COMPILATION_MODE = wholemodule;
				SWIFT_OPTIMIZATION_LEVEL = "-O";
				VALIDATE_PRODUCT = YES;
			};
			name = Release;
		};
		F43C15FA29012BAC00E9C151 /* Debug */ = {
			isa = XCBuildConfiguration;
			buildSettings = {
				ASSETCATALOG_COMPILER_APPICON_NAME = AppIcon;
				ASSETCATALOG_COMPILER_GLOBAL_ACCENT_COLOR_NAME = AccentColor;
				CODE_SIGN_STYLE = Automatic;
				CURRENT_PROJECT_VERSION = 1;
				DEVELOPMENT_TEAM = M526U856M5;
				GENERATE_INFOPLIST_FILE = YES;
				INFOPLIST_FILE = OneSplash/Supportings/Info.plist;
				INFOPLIST_KEY_UIApplicationSupportsIndirectInputEvents = YES;
				INFOPLIST_KEY_UILaunchStoryboardName = LaunchScreen;
				INFOPLIST_KEY_UISupportedInterfaceOrientations_iPad = "UIInterfaceOrientationPortrait UIInterfaceOrientationPortraitUpsideDown UIInterfaceOrientationLandscapeLeft UIInterfaceOrientationLandscapeRight";
				INFOPLIST_KEY_UISupportedInterfaceOrientations_iPhone = "UIInterfaceOrientationPortrait UIInterfaceOrientationLandscapeLeft UIInterfaceOrientationLandscapeRight";
				IPHONEOS_DEPLOYMENT_TARGET = 15.0;
				LD_RUNPATH_SEARCH_PATHS = (
					"$(inherited)",
					"@executable_path/Frameworks",
				);
				MARKETING_VERSION = 1.0;
				PRODUCT_BUNDLE_IDENTIFIER = com.haha1haka.OneSplash;
				PRODUCT_NAME = "$(TARGET_NAME)";
				SUPPORTED_PLATFORMS = "iphoneos iphonesimulator";
				SUPPORTS_MACCATALYST = NO;
				SUPPORTS_MAC_DESIGNED_FOR_IPHONE_IPAD = NO;
				SWIFT_EMIT_LOC_STRINGS = YES;
				SWIFT_VERSION = 5.0;
				TARGETED_DEVICE_FAMILY = 1;
			};
			name = Debug;
		};
		F43C15FB29012BAC00E9C151 /* Release */ = {
			isa = XCBuildConfiguration;
			buildSettings = {
				ASSETCATALOG_COMPILER_APPICON_NAME = AppIcon;
				ASSETCATALOG_COMPILER_GLOBAL_ACCENT_COLOR_NAME = AccentColor;
				CODE_SIGN_STYLE = Automatic;
				CURRENT_PROJECT_VERSION = 1;
				DEVELOPMENT_TEAM = M526U856M5;
				GENERATE_INFOPLIST_FILE = YES;
				INFOPLIST_FILE = OneSplash/Supportings/Info.plist;
				INFOPLIST_KEY_UIApplicationSupportsIndirectInputEvents = YES;
				INFOPLIST_KEY_UILaunchStoryboardName = LaunchScreen;
				INFOPLIST_KEY_UISupportedInterfaceOrientations_iPad = "UIInterfaceOrientationPortrait UIInterfaceOrientationPortraitUpsideDown UIInterfaceOrientationLandscapeLeft UIInterfaceOrientationLandscapeRight";
				INFOPLIST_KEY_UISupportedInterfaceOrientations_iPhone = "UIInterfaceOrientationPortrait UIInterfaceOrientationLandscapeLeft UIInterfaceOrientationLandscapeRight";
				IPHONEOS_DEPLOYMENT_TARGET = 15.0;
				LD_RUNPATH_SEARCH_PATHS = (
					"$(inherited)",
					"@executable_path/Frameworks",
				);
				MARKETING_VERSION = 1.0;
				PRODUCT_BUNDLE_IDENTIFIER = com.haha1haka.OneSplash;
				PRODUCT_NAME = "$(TARGET_NAME)";
				SUPPORTED_PLATFORMS = "iphoneos iphonesimulator";
				SUPPORTS_MACCATALYST = NO;
				SUPPORTS_MAC_DESIGNED_FOR_IPHONE_IPAD = NO;
				SWIFT_EMIT_LOC_STRINGS = YES;
				SWIFT_VERSION = 5.0;
				TARGETED_DEVICE_FAMILY = 1;
			};
			name = Release;
		};
/* End XCBuildConfiguration section */

/* Begin XCConfigurationList section */
		F43C15E029012BAB00E9C151 /* Build configuration list for PBXProject "OneSplash" */ = {
			isa = XCConfigurationList;
			buildConfigurations = (
				F43C15F729012BAC00E9C151 /* Debug */,
				F43C15F829012BAC00E9C151 /* Release */,
			);
			defaultConfigurationIsVisible = 0;
			defaultConfigurationName = Release;
		};
		F43C15F929012BAC00E9C151 /* Build configuration list for PBXNativeTarget "OneSplash" */ = {
			isa = XCConfigurationList;
			buildConfigurations = (
				F43C15FA29012BAC00E9C151 /* Debug */,
				F43C15FB29012BAC00E9C151 /* Release */,
			);
			defaultConfigurationIsVisible = 0;
			defaultConfigurationName = Release;
		};
/* End XCConfigurationList section */

/* Begin XCRemoteSwiftPackageReference section */
		F41013CA290503AA0035FE16 /* XCRemoteSwiftPackageReference "Kingfisher" */ = {
			isa = XCRemoteSwiftPackageReference;
			repositoryURL = "https://github.com/onevcat/Kingfisher.git";
			requirement = {
				kind = upToNextMajorVersion;
				minimumVersion = 7.0.0;
			};
		};
		F43CC4462901410D00224588 /* XCRemoteSwiftPackageReference "SnapKit" */ = {
			isa = XCRemoteSwiftPackageReference;
			repositoryURL = "https://github.com/SnapKit/SnapKit";
			requirement = {
				kind = upToNextMajorVersion;
				minimumVersion = 5.0.0;
			};
		};
		F4522983291127B800A8F7B4 /* XCRemoteSwiftPackageReference "RxSwift" */ = {
			isa = XCRemoteSwiftPackageReference;
			repositoryURL = "https://github.com/ReactiveX/RxSwift";
			requirement = {
				kind = upToNextMajorVersion;
				minimumVersion = 6.0.0;
			};
		};
		F4649B42290D0E38000E45C3 /* XCRemoteSwiftPackageReference "realm-swift" */ = {
			isa = XCRemoteSwiftPackageReference;
			repositoryURL = "https://github.com/realm/realm-swift.git";
			requirement = {
				kind = upToNextMajorVersion;
				minimumVersion = 10.0.0;
			};
		};
/* End XCRemoteSwiftPackageReference section */

/* Begin XCSwiftPackageProductDependency section */
		F41013CB290503AA0035FE16 /* Kingfisher */ = {
			isa = XCSwiftPackageProductDependency;
			package = F41013CA290503AA0035FE16 /* XCRemoteSwiftPackageReference "Kingfisher" */;
			productName = Kingfisher;
		};
		F43CC4472901410D00224588 /* SnapKit */ = {
			isa = XCSwiftPackageProductDependency;
			package = F43CC4462901410D00224588 /* XCRemoteSwiftPackageReference "SnapKit" */;
			productName = SnapKit;
		};
		F4522984291127B800A8F7B4 /* RxCocoa */ = {
			isa = XCSwiftPackageProductDependency;
			package = F4522983291127B800A8F7B4 /* XCRemoteSwiftPackageReference "RxSwift" */;
			productName = RxCocoa;
		};
		F4522986291127B800A8F7B4 /* RxSwift */ = {
			isa = XCSwiftPackageProductDependency;
			package = F4522983291127B800A8F7B4 /* XCRemoteSwiftPackageReference "RxSwift" */;
			productName = RxSwift;
		};
		F4649B43290D0E38000E45C3 /* Realm */ = {
			isa = XCSwiftPackageProductDependency;
			package = F4649B42290D0E38000E45C3 /* XCRemoteSwiftPackageReference "realm-swift" */;
			productName = Realm;
		};
		F4649B45290D0E38000E45C3 /* RealmSwift */ = {
			isa = XCSwiftPackageProductDependency;
			package = F4649B42290D0E38000E45C3 /* XCRemoteSwiftPackageReference "realm-swift" */;
			productName = RealmSwift;
		};
/* End XCSwiftPackageProductDependency section */
	};
	rootObject = F43C15DD29012BAB00E9C151 /* Project object */;
}
